{
    "_meta": {
        "hash": {
            "sha256": "3abfae928e523010b8abc7b715985de30eefac43e2d4ccb83a80ad102ef3b3ae"
        },
        "pipfile-spec": 6,
        "requires": {
            "python_version": "3.6"
        },
        "sources": [
            {
                "name": "pypi",
                "url": "https://pypi.python.org/simple",
                "verify_ssl": true
            }
        ]
    },
    "default": {
        "e1839a8": {
            "editable": true,
            "path": "."
        }
    },
    "develop": {
        "attrs": {
            "hashes": [
                "sha256:1c7960ccfd6a005cd9f7ba884e6316b5e430a3f1a6c37c5f87d8b43f83b54ec9",
                "sha256:a17a9573a6f475c99b551c0e0a812707ddda1ec9653bed04c13841404ed6f450"
            ],
            "version": "==17.4.0"
        },
        "black": {
            "hashes": [
                "sha256:40c7d13615f9f183b5bab52afa4b3fa9eac62549149ba698185a5365db8efffc",
                "sha256:814a1f5c9cf8dd8d325a224aa989be622fbaec9325ba13d884d9cf5485b47056"
            ],
            "index": "pypi",
            "version": "==18.3a4"
        },
        "click": {
            "hashes": [
                "sha256:29f99fc6125fbc931b758dc053b3114e55c77a6e4c6c3a2674a2dc986016381d",
                "sha256:f15516df478d5a56180fbf80e68f206010e6d160fc39fa508b65e035fd75130b"
            ],
            "version": "==6.7"
        }
    }
}
